// !$*UTF8*$!
{
	archiveVersion = 1;
	classes = {
	};
	objectVersion = 46;
	objects = {

/* Begin PBXBuildFile section */
		F76371871EC0F2B100C379B0 /* AppDelegate.swift in Sources */ = {isa = PBXBuildFile; fileRef = F763716A1EC0F2B100C379B0 /* AppDelegate.swift */; };
		F76371881EC0F2B100C379B0 /* AppTunneling.storyboard in Resources */ = {isa = PBXBuildFile; fileRef = F763716B1EC0F2B100C379B0 /* AppTunneling.storyboard */; };
		F76371891EC0F2B100C379B0 /* Authentication.storyboard in Resources */ = {isa = PBXBuildFile; fileRef = F763716D1EC0F2B100C379B0 /* Authentication.storyboard */; };
		F763718A1EC0F2B100C379B0 /* DLP.storyboard in Resources */ = {isa = PBXBuildFile; fileRef = F763716F1EC0F2B100C379B0 /* DLP.storyboard */; };
		F763718B1EC0F2B100C379B0 /* GeneralInformation.storyboard in Resources */ = {isa = PBXBuildFile; fileRef = F76371711EC0F2B100C379B0 /* GeneralInformation.storyboard */; };
		F763718C1EC0F2B100C379B0 /* IntegratedAuth.storyboard in Resources */ = {isa = PBXBuildFile; fileRef = F76371731EC0F2B100C379B0 /* IntegratedAuth.storyboard */; };
		F763718D1EC0F2B100C379B0 /* Logging.storyboard in Resources */ = {isa = PBXBuildFile; fileRef = F76371751EC0F2B100C379B0 /* Logging.storyboard */; };
		F763718E1EC0F2B100C379B0 /* RemoteConfiguration.storyboard in Resources */ = {isa = PBXBuildFile; fileRef = F76371771EC0F2B100C379B0 /* RemoteConfiguration.storyboard */; };
		F763718F1EC0F2B100C379B0 /* Walkthrough.storyboard in Resources */ = {isa = PBXBuildFile; fileRef = F76371791EC0F2B100C379B0 /* Walkthrough.storyboard */; };
		F76371901EC0F2B100C379B0 /* CustomSettingsViewController.swift in Sources */ = {isa = PBXBuildFile; fileRef = F763717B1EC0F2B100C379B0 /* CustomSettingsViewController.swift */; };
		F76371911EC0F2B100C379B0 /* DataLossPreventionViewController.swift in Sources */ = {isa = PBXBuildFile; fileRef = F763717C1EC0F2B100C379B0 /* DataLossPreventionViewController.swift */; };
		F76371921EC0F2B100C379B0 /* GeneralInformationViewController.swift in Sources */ = {isa = PBXBuildFile; fileRef = F763717D1EC0F2B100C379B0 /* GeneralInformationViewController.swift */; };
		F76371941EC0F2B100C379B0 /* IntegratedAuthenticationViewController.swift in Sources */ = {isa = PBXBuildFile; fileRef = F763717F1EC0F2B100C379B0 /* IntegratedAuthenticationViewController.swift */; };
		F76371951EC0F2B100C379B0 /* LoadingIndicatorView.swift in Sources */ = {isa = PBXBuildFile; fileRef = F76371801EC0F2B100C379B0 /* LoadingIndicatorView.swift */; };
		F76371961EC0F2B100C379B0 /* LocalAuthViewController.swift in Sources */ = {isa = PBXBuildFile; fileRef = F76371811EC0F2B100C379B0 /* LocalAuthViewController.swift */; };
		F76371971EC0F2B100C379B0 /* LoggingViewController.swift in Sources */ = {isa = PBXBuildFile; fileRef = F76371821EC0F2B100C379B0 /* LoggingViewController.swift */; };
		F76371981EC0F2B100C379B0 /* SDKUseCasesTableViewController.swift in Sources */ = {isa = PBXBuildFile; fileRef = F76371831EC0F2B100C379B0 /* SDKUseCasesTableViewController.swift */; };
		F76371991EC0F2B100C379B0 /* TunnelingViewController.swift in Sources */ = {isa = PBXBuildFile; fileRef = F76371841EC0F2B100C379B0 /* TunnelingViewController.swift */; };
		F763719A1EC0F2B100C379B0 /* TutorialViewController.swift in Sources */ = {isa = PBXBuildFile; fileRef = F76371851EC0F2B100C379B0 /* TutorialViewController.swift */; };
		F763719B1EC0F2B100C379B0 /* WalkThroughViewController.swift in Sources */ = {isa = PBXBuildFile; fileRef = F76371861EC0F2B100C379B0 /* WalkThroughViewController.swift */; };
		F763719D1EC0F38C00C379B0 /* Assets.xcassets in Resources */ = {isa = PBXBuildFile; fileRef = F763719C1EC0F38C00C379B0 /* Assets.xcassets */; };
		F76371A01EC0F3A400C379B0 /* Main.storyboard in Resources */ = {isa = PBXBuildFile; fileRef = F763719E1EC0F3A400C379B0 /* Main.storyboard */; };
		F7B14EB41DECB7AF00E40279 /* AWSDKDefaults.bundle in Resources */ = {isa = PBXBuildFile; fileRef = F7B14EB31DECB7AF00E40279 /* AWSDKDefaults.bundle */; };
		F7E024081EDDDBBE0031E33D /* AWOpenSSL.framework in Embed Frameworks */ = {isa = PBXBuildFile; fileRef = F7E024061EDDDB650031E33D /* AWOpenSSL.framework */; settings = {ATTRIBUTES = (CodeSignOnCopy, RemoveHeadersOnCopy, ); }; };
		F7E024091EDDDBBE0031E33D /* AWSDK.framework in Embed Frameworks */ = {isa = PBXBuildFile; fileRef = F73777861ED8AB4A00135466 /* AWSDK.framework */; settings = {ATTRIBUTES = (CodeSignOnCopy, RemoveHeadersOnCopy, ); }; };
/* End PBXBuildFile section */

/* Begin PBXCopyFilesBuildPhase section */
		F7B14EB21DECB74500E40279 /* Embed Frameworks */ = {
			isa = PBXCopyFilesBuildPhase;
			buildActionMask = 2147483647;
			dstPath = "";
			dstSubfolderSpec = 10;
			files = (
				F7E024081EDDDBBE0031E33D /* AWOpenSSL.framework in Embed Frameworks */,
				F7E024091EDDDBBE0031E33D /* AWSDK.framework in Embed Frameworks */,
			);
			name = "Embed Frameworks";
			runOnlyForDeploymentPostprocessing = 0;
		};
/* End PBXCopyFilesBuildPhase section */

/* Begin PBXFileReference section */
		F73777861ED8AB4A00135466 /* AWSDK.framework */ = {isa = PBXFileReference; lastKnownFileType = wrapper.framework; path = AWSDK.framework; sourceTree = "<group>"; };
		F763716A1EC0F2B100C379B0 /* AppDelegate.swift */ = {isa = PBXFileReference; fileEncoding = 4; lastKnownFileType = sourcecode.swift; name = AppDelegate.swift; path = "AirWatch SDK iOS Swift/AppDelegate.swift"; sourceTree = SOURCE_ROOT; };
		F763716C1EC0F2B100C379B0 /* Base */ = {isa = PBXFileReference; lastKnownFileType = file.storyboard; name = Base; path = "AirWatch SDK iOS Swift/Base.lproj/AppTunneling.storyboard"; sourceTree = SOURCE_ROOT; };
		F763716E1EC0F2B100C379B0 /* Base */ = {isa = PBXFileReference; lastKnownFileType = file.storyboard; name = Base; path = "AirWatch SDK iOS Swift/Base.lproj/Authentication.storyboard"; sourceTree = SOURCE_ROOT; };
		F76371701EC0F2B100C379B0 /* Base */ = {isa = PBXFileReference; lastKnownFileType = file.storyboard; name = Base; path = "AirWatch SDK iOS Swift/Base.lproj/DLP.storyboard"; sourceTree = SOURCE_ROOT; };
		F76371721EC0F2B100C379B0 /* Base */ = {isa = PBXFileReference; lastKnownFileType = file.storyboard; name = Base; path = "AirWatch SDK iOS Swift/Base.lproj/GeneralInformation.storyboard"; sourceTree = SOURCE_ROOT; };
		F76371741EC0F2B100C379B0 /* Base */ = {isa = PBXFileReference; lastKnownFileType = file.storyboard; name = Base; path = "AirWatch SDK iOS Swift/Base.lproj/IntegratedAuth.storyboard"; sourceTree = SOURCE_ROOT; };
		F76371761EC0F2B100C379B0 /* Base */ = {isa = PBXFileReference; lastKnownFileType = file.storyboard; name = Base; path = "AirWatch SDK iOS Swift/Base.lproj/Logging.storyboard"; sourceTree = SOURCE_ROOT; };
		F76371781EC0F2B100C379B0 /* Base */ = {isa = PBXFileReference; lastKnownFileType = file.storyboard; name = Base; path = "AirWatch SDK iOS Swift/Base.lproj/RemoteConfiguration.storyboard"; sourceTree = SOURCE_ROOT; };
		F763717A1EC0F2B100C379B0 /* Base */ = {isa = PBXFileReference; lastKnownFileType = file.storyboard; name = Base; path = "AirWatch SDK iOS Swift/Base.lproj/Walkthrough.storyboard"; sourceTree = SOURCE_ROOT; };
		F763717B1EC0F2B100C379B0 /* CustomSettingsViewController.swift */ = {isa = PBXFileReference; fileEncoding = 4; lastKnownFileType = sourcecode.swift; name = CustomSettingsViewController.swift; path = "AirWatch SDK iOS Swift/CustomSettingsViewController.swift"; sourceTree = SOURCE_ROOT; };
		F763717C1EC0F2B100C379B0 /* DataLossPreventionViewController.swift */ = {isa = PBXFileReference; fileEncoding = 4; lastKnownFileType = sourcecode.swift; name = DataLossPreventionViewController.swift; path = "AirWatch SDK iOS Swift/DataLossPreventionViewController.swift"; sourceTree = SOURCE_ROOT; };
		F763717D1EC0F2B100C379B0 /* GeneralInformationViewController.swift */ = {isa = PBXFileReference; fileEncoding = 4; lastKnownFileType = sourcecode.swift; name = GeneralInformationViewController.swift; path = "AirWatch SDK iOS Swift/GeneralInformationViewController.swift"; sourceTree = SOURCE_ROOT; };
		F763717E1EC0F2B100C379B0 /* Info.plist */ = {isa = PBXFileReference; fileEncoding = 4; lastKnownFileType = text.plist.xml; name = Info.plist; path = "AirWatch SDK iOS Swift/Info.plist"; sourceTree = SOURCE_ROOT; };
		F763717F1EC0F2B100C379B0 /* IntegratedAuthenticationViewController.swift */ = {isa = PBXFileReference; fileEncoding = 4; lastKnownFileType = sourcecode.swift; name = IntegratedAuthenticationViewController.swift; path = "AirWatch SDK iOS Swift/IntegratedAuthenticationViewController.swift"; sourceTree = SOURCE_ROOT; };
		F76371801EC0F2B100C379B0 /* LoadingIndicatorView.swift */ = {isa = PBXFileReference; fileEncoding = 4; lastKnownFileType = sourcecode.swift; name = LoadingIndicatorView.swift; path = "AirWatch SDK iOS Swift/LoadingIndicatorView.swift"; sourceTree = SOURCE_ROOT; };
		F76371811EC0F2B100C379B0 /* LocalAuthViewController.swift */ = {isa = PBXFileReference; fileEncoding = 4; lastKnownFileType = sourcecode.swift; name = LocalAuthViewController.swift; path = "AirWatch SDK iOS Swift/LocalAuthViewController.swift"; sourceTree = SOURCE_ROOT; };
		F76371821EC0F2B100C379B0 /* LoggingViewController.swift */ = {isa = PBXFileReference; fileEncoding = 4; lastKnownFileType = sourcecode.swift; name = LoggingViewController.swift; path = "AirWatch SDK iOS Swift/LoggingViewController.swift"; sourceTree = SOURCE_ROOT; };
		F76371831EC0F2B100C379B0 /* SDKUseCasesTableViewController.swift */ = {isa = PBXFileReference; fileEncoding = 4; lastKnownFileType = sourcecode.swift; name = SDKUseCasesTableViewController.swift; path = "AirWatch SDK iOS Swift/SDKUseCasesTableViewController.swift"; sourceTree = SOURCE_ROOT; };
		F76371841EC0F2B100C379B0 /* TunnelingViewController.swift */ = {isa = PBXFileReference; fileEncoding = 4; lastKnownFileType = sourcecode.swift; name = TunnelingViewController.swift; path = "AirWatch SDK iOS Swift/TunnelingViewController.swift"; sourceTree = SOURCE_ROOT; };
		F76371851EC0F2B100C379B0 /* TutorialViewController.swift */ = {isa = PBXFileReference; fileEncoding = 4; lastKnownFileType = sourcecode.swift; name = TutorialViewController.swift; path = "AirWatch SDK iOS Swift/TutorialViewController.swift"; sourceTree = SOURCE_ROOT; };
		F76371861EC0F2B100C379B0 /* WalkThroughViewController.swift */ = {isa = PBXFileReference; fileEncoding = 4; lastKnownFileType = sourcecode.swift; name = WalkThroughViewController.swift; path = "AirWatch SDK iOS Swift/WalkThroughViewController.swift"; sourceTree = SOURCE_ROOT; };
		F763719C1EC0F38C00C379B0 /* Assets.xcassets */ = {isa = PBXFileReference; lastKnownFileType = folder.assetcatalog; name = Assets.xcassets; path = "AirWatch SDK iOS Swift/Assets.xcassets"; sourceTree = SOURCE_ROOT; };
		F763719F1EC0F3A400C379B0 /* Base */ = {isa = PBXFileReference; lastKnownFileType = file.storyboard; name = Base; path = "AirWatch SDK iOS Swift/Base.lproj/Main.storyboard"; sourceTree = SOURCE_ROOT; };
		F7B14EB31DECB7AF00E40279 /* AWSDKDefaults.bundle */ = {isa = PBXFileReference; lastKnownFileType = "wrapper.plug-in"; path = AWSDKDefaults.bundle; sourceTree = "<group>"; };
		F7BC0DC11D93FFB300334C40 /* iOS Swift Sample App.app */ = {isa = PBXFileReference; explicitFileType = wrapper.application; includeInIndex = 0; path = "iOS Swift Sample App.app"; sourceTree = BUILT_PRODUCTS_DIR; };
		F7E024061EDDDB650031E33D /* AWOpenSSL.framework */ = {isa = PBXFileReference; lastKnownFileType = wrapper.framework; path = AWOpenSSL.framework; sourceTree = "<group>"; };
/* End PBXFileReference section */

/* Begin PBXFrameworksBuildPhase section */
		F7BC0DBE1D93FFB300334C40 /* Frameworks */ = {
			isa = PBXFrameworksBuildPhase;
			buildActionMask = 2147483647;
			files = (
			);
			runOnlyForDeploymentPostprocessing = 0;
		};
/* End PBXFrameworksBuildPhase section */

/* Begin PBXGroup section */
		9F18DCBB1DB4422900160C4B /* UI Helpers */ = {
			isa = PBXGroup;
			children = (
				F76371801EC0F2B100C379B0 /* LoadingIndicatorView.swift */,
				F78126101E938E84005FB3A5 /* Walkthrough */,
			);
			name = "UI Helpers";
			sourceTree = "<group>";
		};
		9F9F84221D9AC7FF00C8EE7E /* Frameworks */ = {
			isa = PBXGroup;
			children = (
				F7E024061EDDDB650031E33D /* AWOpenSSL.framework */,
				F73777861ED8AB4A00135466 /* AWSDK.framework */,
			);
			name = Frameworks;
			sourceTree = "<group>";
		};
		F78126101E938E84005FB3A5 /* Walkthrough */ = {
			isa = PBXGroup;
			children = (
				F76371791EC0F2B100C379B0 /* Walkthrough.storyboard */,
				F76371851EC0F2B100C379B0 /* TutorialViewController.swift */,
				F76371861EC0F2B100C379B0 /* WalkThroughViewController.swift */,
			);
			name = Walkthrough;
			sourceTree = "<group>";
		};
		F7BC0DB81D93FFB300334C40 = {
			isa = PBXGroup;
			children = (
				F7B14EB31DECB7AF00E40279 /* AWSDKDefaults.bundle */,
				F7BC0DC31D93FFB300334C40 /* iOS Swift Sample App */,
				F7BC0DC21D93FFB300334C40 /* Products */,
				9F9F84221D9AC7FF00C8EE7E /* Frameworks */,
			);
			sourceTree = "<group>";
		};
		F7BC0DC21D93FFB300334C40 /* Products */ = {
			isa = PBXGroup;
			children = (
				F7BC0DC11D93FFB300334C40 /* iOS Swift Sample App.app */,
			);
			name = Products;
			sourceTree = "<group>";
		};
		F7BC0DC31D93FFB300334C40 /* iOS Swift Sample App */ = {
			isa = PBXGroup;
			children = (
				F763719E1EC0F3A400C379B0 /* Main.storyboard */,
				F763716A1EC0F2B100C379B0 /* AppDelegate.swift */,
				F76371831EC0F2B100C379B0 /* SDKUseCasesTableViewController.swift */,
				F7EB82821E924B7900EB5C49 /* Authentication */,
				F7EB826E1E92413500EB5C49 /* GeneralInformation */,
				F7EB82741E9242E700EB5C49 /* AppTunneling */,
				F7EB82771E92438000EB5C49 /* IntegratedAuthentication */,
				F7EB827E1E924AD500EB5C49 /* RemoteConfiguration */,
				F7EB827B1E92444500EB5C49 /* Instrumentation */,
				F7EB82831E924BF000EB5C49 /* DLP */,
				9F18DCBB1DB4422900160C4B /* UI Helpers */,
				F763719C1EC0F38C00C379B0 /* Assets.xcassets */,
				F763717E1EC0F2B100C379B0 /* Info.plist */,
			);
			path = "iOS Swift Sample App";
			sourceTree = "<group>";
		};
		F7EB826E1E92413500EB5C49 /* GeneralInformation */ = {
			isa = PBXGroup;
			children = (
				F76371711EC0F2B100C379B0 /* GeneralInformation.storyboard */,
				F763717D1EC0F2B100C379B0 /* GeneralInformationViewController.swift */,
			);
			name = GeneralInformation;
			sourceTree = "<group>";
		};
		F7EB82741E9242E700EB5C49 /* AppTunneling */ = {
			isa = PBXGroup;
			children = (
				F763716B1EC0F2B100C379B0 /* AppTunneling.storyboard */,
				F76371841EC0F2B100C379B0 /* TunnelingViewController.swift */,
			);
			name = AppTunneling;
			sourceTree = "<group>";
		};
		F7EB82771E92438000EB5C49 /* IntegratedAuthentication */ = {
			isa = PBXGroup;
			children = (
				F76371731EC0F2B100C379B0 /* IntegratedAuth.storyboard */,
				F763717F1EC0F2B100C379B0 /* IntegratedAuthenticationViewController.swift */,
			);
			name = IntegratedAuthentication;
			sourceTree = "<group>";
		};
		F7EB827B1E92444500EB5C49 /* Instrumentation */ = {
			isa = PBXGroup;
			children = (
				F76371821EC0F2B100C379B0 /* LoggingViewController.swift */,
				F76371751EC0F2B100C379B0 /* Logging.storyboard */,
			);
			name = Instrumentation;
			sourceTree = "<group>";
		};
		F7EB827E1E924AD500EB5C49 /* RemoteConfiguration */ = {
			isa = PBXGroup;
			children = (
				F763717B1EC0F2B100C379B0 /* CustomSettingsViewController.swift */,
				F76371771EC0F2B100C379B0 /* RemoteConfiguration.storyboard */,
			);
			name = RemoteConfiguration;
			sourceTree = "<group>";
		};
		F7EB82821E924B7900EB5C49 /* Authentication */ = {
			isa = PBXGroup;
			children = (
				F76371811EC0F2B100C379B0 /* LocalAuthViewController.swift */,
				F763716D1EC0F2B100C379B0 /* Authentication.storyboard */,
			);
			name = Authentication;
			sourceTree = "<group>";
		};
		F7EB82831E924BF000EB5C49 /* DLP */ = {
			isa = PBXGroup;
			children = (
				F763716F1EC0F2B100C379B0 /* DLP.storyboard */,
				F763717C1EC0F2B100C379B0 /* DataLossPreventionViewController.swift */,
			);
			name = DLP;
			sourceTree = "<group>";
		};
/* End PBXGroup section */

/* Begin PBXNativeTarget section */
		F7BC0DC01D93FFB300334C40 /* iOS Swift Sample App */ = {
			isa = PBXNativeTarget;
			buildConfigurationList = F7BC0DD31D93FFB400334C40 /* Build configuration list for PBXNativeTarget "iOS Swift Sample App" */;
			buildPhases = (
				F7BC0DBD1D93FFB300334C40 /* Sources */,
				F7BC0DBE1D93FFB300334C40 /* Frameworks */,
				F7BC0DBF1D93FFB300334C40 /* Resources */,
				F7B14EB21DECB74500E40279 /* Embed Frameworks */,
			);
			buildRules = (
			);
			dependencies = (
			);
			name = "iOS Swift Sample App";
			productName = "iOS Swift Sample App";
			productReference = F7BC0DC11D93FFB300334C40 /* iOS Swift Sample App.app */;
			productType = "com.apple.product-type.application";
		};
/* End PBXNativeTarget section */

/* Begin PBXProject section */
		F7BC0DB91D93FFB300334C40 /* Project object */ = {
			isa = PBXProject;
			attributes = {
				LastSwiftUpdateCheck = 0800;
				LastUpgradeCheck = 0830;
				ORGANIZATIONNAME = VMware;
				TargetAttributes = {
					F7BC0DC01D93FFB300334C40 = {
						CreatedOnToolsVersion = 8.0;
						DevelopmentTeam = 2QKP24Y3HJ;
						LastSwiftMigration = 0820;
						ProvisioningStyle = Automatic;
					};
				};
			};
			buildConfigurationList = F7BC0DBC1D93FFB300334C40 /* Build configuration list for PBXProject "AirWatchSDKiOSSwiftSample" */;
			compatibilityVersion = "Xcode 3.2";
			developmentRegion = English;
			hasScannedForEncodings = 0;
			knownRegions = (
				en,
				Base,
			);
			mainGroup = F7BC0DB81D93FFB300334C40;
			productRefGroup = F7BC0DC21D93FFB300334C40 /* Products */;
			projectDirPath = "";
			projectRoot = "";
			targets = (
				F7BC0DC01D93FFB300334C40 /* iOS Swift Sample App */,
			);
		};
/* End PBXProject section */

/* Begin PBXResourcesBuildPhase section */
		F7BC0DBF1D93FFB300334C40 /* Resources */ = {
			isa = PBXResourcesBuildPhase;
			buildActionMask = 2147483647;
			files = (
				F763718D1EC0F2B100C379B0 /* Logging.storyboard in Resources */,
				F763718A1EC0F2B100C379B0 /* DLP.storyboard in Resources */,
				F763719D1EC0F38C00C379B0 /* Assets.xcassets in Resources */,
				F763718C1EC0F2B100C379B0 /* IntegratedAuth.storyboard in Resources */,
				F76371A01EC0F3A400C379B0 /* Main.storyboard in Resources */,
				F763718F1EC0F2B100C379B0 /* Walkthrough.storyboard in Resources */,
				F763718E1EC0F2B100C379B0 /* RemoteConfiguration.storyboard in Resources */,
				F7B14EB41DECB7AF00E40279 /* AWSDKDefaults.bundle in Resources */,
				F76371891EC0F2B100C379B0 /* Authentication.storyboard in Resources */,
				F763718B1EC0F2B100C379B0 /* GeneralInformation.storyboard in Resources */,
				F76371881EC0F2B100C379B0 /* AppTunneling.storyboard in Resources */,
			);
			runOnlyForDeploymentPostprocessing = 0;
		};
/* End PBXResourcesBuildPhase section */

/* Begin PBXSourcesBuildPhase section */
		F7BC0DBD1D93FFB300334C40 /* Sources */ = {
			isa = PBXSourcesBuildPhase;
			buildActionMask = 2147483647;
			files = (
				F76371951EC0F2B100C379B0 /* LoadingIndicatorView.swift in Sources */,
				F76371961EC0F2B100C379B0 /* LocalAuthViewController.swift in Sources */,
				F76371921EC0F2B100C379B0 /* GeneralInformationViewController.swift in Sources */,
				F763719B1EC0F2B100C379B0 /* WalkThroughViewController.swift in Sources */,
				F76371911EC0F2B100C379B0 /* DataLossPreventionViewController.swift in Sources */,
				F763719A1EC0F2B100C379B0 /* TutorialViewController.swift in Sources */,
				F76371871EC0F2B100C379B0 /* AppDelegate.swift in Sources */,
				F76371901EC0F2B100C379B0 /* CustomSettingsViewController.swift in Sources */,
				F76371981EC0F2B100C379B0 /* SDKUseCasesTableViewController.swift in Sources */,
				F76371971EC0F2B100C379B0 /* LoggingViewController.swift in Sources */,
				F76371941EC0F2B100C379B0 /* IntegratedAuthenticationViewController.swift in Sources */,
				F76371991EC0F2B100C379B0 /* TunnelingViewController.swift in Sources */,
			);
			runOnlyForDeploymentPostprocessing = 0;
		};
/* End PBXSourcesBuildPhase section */

/* Begin PBXVariantGroup section */
		F763716B1EC0F2B100C379B0 /* AppTunneling.storyboard */ = {
			isa = PBXVariantGroup;
			children = (
				F763716C1EC0F2B100C379B0 /* Base */,
			);
			name = AppTunneling.storyboard;
			sourceTree = "<group>";
		};
		F763716D1EC0F2B100C379B0 /* Authentication.storyboard */ = {
			isa = PBXVariantGroup;
			children = (
				F763716E1EC0F2B100C379B0 /* Base */,
			);
			name = Authentication.storyboard;
			sourceTree = "<group>";
		};
		F763716F1EC0F2B100C379B0 /* DLP.storyboard */ = {
			isa = PBXVariantGroup;
			children = (
				F76371701EC0F2B100C379B0 /* Base */,
			);
			name = DLP.storyboard;
			sourceTree = "<group>";
		};
		F76371711EC0F2B100C379B0 /* GeneralInformation.storyboard */ = {
			isa = PBXVariantGroup;
			children = (
				F76371721EC0F2B100C379B0 /* Base */,
			);
			name = GeneralInformation.storyboard;
			sourceTree = "<group>";
		};
		F76371731EC0F2B100C379B0 /* IntegratedAuth.storyboard */ = {
			isa = PBXVariantGroup;
			children = (
				F76371741EC0F2B100C379B0 /* Base */,
			);
			name = IntegratedAuth.storyboard;
			sourceTree = "<group>";
		};
		F76371751EC0F2B100C379B0 /* Logging.storyboard */ = {
			isa = PBXVariantGroup;
			children = (
				F76371761EC0F2B100C379B0 /* Base */,
			);
			name = Logging.storyboard;
			sourceTree = "<group>";
		};
		F76371771EC0F2B100C379B0 /* RemoteConfiguration.storyboard */ = {
			isa = PBXVariantGroup;
			children = (
				F76371781EC0F2B100C379B0 /* Base */,
			);
			name = RemoteConfiguration.storyboard;
			sourceTree = "<group>";
		};
		F76371791EC0F2B100C379B0 /* Walkthrough.storyboard */ = {
			isa = PBXVariantGroup;
			children = (
				F763717A1EC0F2B100C379B0 /* Base */,
			);
			name = Walkthrough.storyboard;
			sourceTree = "<group>";
		};
		F763719E1EC0F3A400C379B0 /* Main.storyboard */ = {
			isa = PBXVariantGroup;
			children = (
				F763719F1EC0F3A400C379B0 /* Base */,
			);
			name = Main.storyboard;
			sourceTree = "<group>";
		};
/* End PBXVariantGroup section */

/* Begin XCBuildConfiguration section */
		F7BC0DD11D93FFB400334C40 /* Debug */ = {
			isa = XCBuildConfiguration;
			buildSettings = {
				ALWAYS_SEARCH_USER_PATHS = NO;
				CLANG_ANALYZER_NONNULL = YES;
				CLANG_CXX_LANGUAGE_STANDARD = "gnu++0x";
				CLANG_CXX_LIBRARY = "libc++";
				CLANG_ENABLE_MODULES = YES;
				CLANG_ENABLE_OBJC_ARC = YES;
				CLANG_WARN_BOOL_CONVERSION = YES;
				CLANG_WARN_CONSTANT_CONVERSION = YES;
				CLANG_WARN_DIRECT_OBJC_ISA_USAGE = YES_ERROR;
				CLANG_WARN_DOCUMENTATION_COMMENTS = YES;
				CLANG_WARN_EMPTY_BODY = YES;
				CLANG_WARN_ENUM_CONVERSION = YES;
				CLANG_WARN_INFINITE_RECURSION = YES;
				CLANG_WARN_INT_CONVERSION = YES;
				CLANG_WARN_OBJC_ROOT_CLASS = YES_ERROR;
				CLANG_WARN_SUSPICIOUS_MOVE = YES;
				CLANG_WARN_SUSPICIOUS_MOVES = YES;
				CLANG_WARN_UNREACHABLE_CODE = YES;
				CLANG_WARN__DUPLICATE_METHOD_MATCH = YES;
				"CODE_SIGN_IDENTITY[sdk=iphoneos*]" = "iPhone Developer";
				COPY_PHASE_STRIP = NO;
				DEBUG_INFORMATION_FORMAT = dwarf;
				ENABLE_STRICT_OBJC_MSGSEND = YES;
				ENABLE_TESTABILITY = YES;
				GCC_C_LANGUAGE_STANDARD = gnu99;
				GCC_DYNAMIC_NO_PIC = NO;
				GCC_NO_COMMON_BLOCKS = YES;
				GCC_OPTIMIZATION_LEVEL = 0;
				GCC_PREPROCESSOR_DEFINITIONS = (
					"DEBUG=1",
					"$(inherited)",
				);
				GCC_WARN_64_TO_32_BIT_CONVERSION = YES;
				GCC_WARN_ABOUT_RETURN_TYPE = YES_ERROR;
				GCC_WARN_UNDECLARED_SELECTOR = YES;
				GCC_WARN_UNINITIALIZED_AUTOS = YES_AGGRESSIVE;
				GCC_WARN_UNUSED_FUNCTION = YES;
				GCC_WARN_UNUSED_VARIABLE = YES;
				IPHONEOS_DEPLOYMENT_TARGET = 10.0;
				MTL_ENABLE_DEBUG_INFO = YES;
				ONLY_ACTIVE_ARCH = YES;
				SDKROOT = iphoneos;
				SWIFT_ACTIVE_COMPILATION_CONDITIONS = DEBUG;
				SWIFT_OPTIMIZATION_LEVEL = "-Onone";
				TARGETED_DEVICE_FAMILY = "1,2";
			};
			name = Debug;
		};
		F7BC0DD21D93FFB400334C40 /* Release */ = {
			isa = XCBuildConfiguration;
			buildSettings = {
				ALWAYS_SEARCH_USER_PATHS = NO;
				CLANG_ANALYZER_NONNULL = YES;
				CLANG_CXX_LANGUAGE_STANDARD = "gnu++0x";
				CLANG_CXX_LIBRARY = "libc++";
				CLANG_ENABLE_MODULES = YES;
				CLANG_ENABLE_OBJC_ARC = YES;
				CLANG_WARN_BOOL_CONVERSION = YES;
				CLANG_WARN_CONSTANT_CONVERSION = YES;
				CLANG_WARN_DIRECT_OBJC_ISA_USAGE = YES_ERROR;
				CLANG_WARN_DOCUMENTATION_COMMENTS = YES;
				CLANG_WARN_EMPTY_BODY = YES;
				CLANG_WARN_ENUM_CONVERSION = YES;
				CLANG_WARN_INFINITE_RECURSION = YES;
				CLANG_WARN_INT_CONVERSION = YES;
				CLANG_WARN_OBJC_ROOT_CLASS = YES_ERROR;
				CLANG_WARN_SUSPICIOUS_MOVE = YES;
				CLANG_WARN_SUSPICIOUS_MOVES = YES;
				CLANG_WARN_UNREACHABLE_CODE = YES;
				CLANG_WARN__DUPLICATE_METHOD_MATCH = YES;
				"CODE_SIGN_IDENTITY[sdk=iphoneos*]" = "iPhone Developer";
				COPY_PHASE_STRIP = NO;
				DEBUG_INFORMATION_FORMAT = "dwarf-with-dsym";
				ENABLE_NS_ASSERTIONS = NO;
				ENABLE_STRICT_OBJC_MSGSEND = YES;
				GCC_C_LANGUAGE_STANDARD = gnu99;
				GCC_NO_COMMON_BLOCKS = YES;
				GCC_WARN_64_TO_32_BIT_CONVERSION = YES;
				GCC_WARN_ABOUT_RETURN_TYPE = YES_ERROR;
				GCC_WARN_UNDECLARED_SELECTOR = YES;
				GCC_WARN_UNINITIALIZED_AUTOS = YES_AGGRESSIVE;
				GCC_WARN_UNUSED_FUNCTION = YES;
				GCC_WARN_UNUSED_VARIABLE = YES;
				IPHONEOS_DEPLOYMENT_TARGET = 10.0;
				MTL_ENABLE_DEBUG_INFO = NO;
				SDKROOT = iphoneos;
				SWIFT_OPTIMIZATION_LEVEL = "-Owholemodule";
				TARGETED_DEVICE_FAMILY = "1,2";
				VALIDATE_PRODUCT = YES;
			};
			name = Release;
		};
		F7BC0DD41D93FFB400334C40 /* Debug */ = {
			isa = XCBuildConfiguration;
			buildSettings = {
				ASSETCATALOG_COMPILER_APPICON_NAME = AppIcon;
				"CODE_SIGN_IDENTITY[sdk=iphoneos*]" = "iPhone Developer";
				DEVELOPMENT_TEAM = 2QKP24Y3HJ;
				ENABLE_BITCODE = NO;
				FRAMEWORK_SEARCH_PATHS = (
					"$(inherited)",
					"$(PROJECT_DIR)",
				);
				INFOPLIST_FILE = "$(SRCROOT)/AirWatch SDK iOS Swift/Info.plist";
				IPHONEOS_DEPLOYMENT_TARGET = 9.0;
				LD_RUNPATH_SEARCH_PATHS = "$(inherited) @executable_path/Frameworks";
				OTHER_LDFLAGS = "";
				PRODUCT_BUNDLE_IDENTIFIER = "com.vmware.AirWatch-SDK-iOS-Swift-Sample";
				PRODUCT_NAME = "$(TARGET_NAME)";
				SWIFT_VERSION = 3.0;
			};
			name = Debug;
		};
		F7BC0DD51D93FFB400334C40 /* Release */ = {
			isa = XCBuildConfiguration;
			buildSettings = {
				ASSETCATALOG_COMPILER_APPICON_NAME = AppIcon;
				"CODE_SIGN_IDENTITY[sdk=iphoneos*]" = "iPhone Developer";
				DEVELOPMENT_TEAM = 2QKP24Y3HJ;
				ENABLE_BITCODE = NO;
				FRAMEWORK_SEARCH_PATHS = (
					"$(inherited)",
					"$(PROJECT_DIR)",
				);
				INFOPLIST_FILE = "$(SRCROOT)/AirWatch SDK iOS Swift/Info.plist";
				IPHONEOS_DEPLOYMENT_TARGET = 9.0;
				LD_RUNPATH_SEARCH_PATHS = "$(inherited) @executable_path/Frameworks";
				OTHER_LDFLAGS = "";
				PRODUCT_BUNDLE_IDENTIFIER = "com.vmware.AirWatch-SDK-iOS-Swift-Sample";
				PRODUCT_NAME = "$(TARGET_NAME)";
				SWIFT_VERSION = 3.0;
			};
			name = Release;
		};
/* End XCBuildConfiguration section */

/* Begin XCConfigurationList section */
		F7BC0DBC1D93FFB300334C40 /* Build configuration list for PBXProject "AirWatchSDKiOSSwiftSample" */ = {
			isa = XCConfigurationList;
			buildConfigurations = (
				F7BC0DD11D93FFB400334C40 /* Debug */,
				F7BC0DD21D93FFB400334C40 /* Release */,
			);
			defaultConfigurationIsVisible = 0;
			defaultConfigurationName = Release;
		};
		F7BC0DD31D93FFB400334C40 /* Build configuration list for PBXNativeTarget "iOS Swift Sample App" */ = {
			isa = XCConfigurationList;
			buildConfigurations = (
				F7BC0DD41D93FFB400334C40 /* Debug */,
				F7BC0DD51D93FFB400334C40 /* Release */,
			);
			defaultConfigurationIsVisible = 0;
			defaultConfigurationName = Release;
		};
/* End XCConfigurationList section */
	};
	rootObject = F7BC0DB91D93FFB300334C40 /* Project object */;
}
